// !$*UTF8*$!
{
	archiveVersion = 1;
	classes = {
	};
	objectVersion = 54;
	objects = {

/* Begin PBXBuildFile section */
		ECDB7752282C934500D6CCFF /* AppDelegate.swift in Sources */ = {isa = PBXBuildFile; fileRef = ECDB7751282C934500D6CCFF /* AppDelegate.swift */; };
		ECDB7754282C934500D6CCFF /* SceneDelegate.swift in Sources */ = {isa = PBXBuildFile; fileRef = ECDB7753282C934500D6CCFF /* SceneDelegate.swift */; };
		ECDB7759282C934500D6CCFF /* Main.storyboard in Resources */ = {isa = PBXBuildFile; fileRef = ECDB7757282C934500D6CCFF /* Main.storyboard */; };
		ECDB775B282C934700D6CCFF /* Assets.xcassets in Resources */ = {isa = PBXBuildFile; fileRef = ECDB775A282C934700D6CCFF /* Assets.xcassets */; };
		ECDB775E282C934700D6CCFF /* LaunchScreen.storyboard in Resources */ = {isa = PBXBuildFile; fileRef = ECDB775C282C934700D6CCFF /* LaunchScreen.storyboard */; };
		ECDB7768282C96DC00D6CCFF /* Stock.swift in Sources */ = {isa = PBXBuildFile; fileRef = ECDB7767282C96DC00D6CCFF /* Stock.swift */; };
		ECDB776A282C971500D6CCFF /* ListsViewController.swift in Sources */ = {isa = PBXBuildFile; fileRef = ECDB7769282C971500D6CCFF /* ListsViewController.swift */; };
		ECDB776C282C972100D6CCFF /* GraphViewController.swift in Sources */ = {isa = PBXBuildFile; fileRef = ECDB776B282C972100D6CCFF /* GraphViewController.swift */; };
		ECDB7774282CA14500D6CCFF /* ListTableViewCell.swift in Sources */ = {isa = PBXBuildFile; fileRef = ECDB7773282CA14500D6CCFF /* ListTableViewCell.swift */; };
		F6C732BA89C849986B569294 /* Pods_stocks.framework in Frameworks */ = {isa = PBXBuildFile; fileRef = 459C933C0EE3CD56B757F91F /* Pods_stocks.framework */; };
/* End PBXBuildFile section */

/* Begin PBXFileReference section */
		28444989EAB7DC114B03C7CE /* Pods-stocks.debug.xcconfig */ = {isa = PBXFileReference; includeInIndex = 1; lastKnownFileType = text.xcconfig; name = "Pods-stocks.debug.xcconfig"; path = "Target Support Files/Pods-stocks/Pods-stocks.debug.xcconfig"; sourceTree = "<group>"; };
		459C933C0EE3CD56B757F91F /* Pods_stocks.framework */ = {isa = PBXFileReference; explicitFileType = wrapper.framework; includeInIndex = 0; path = Pods_stocks.framework; sourceTree = BUILT_PRODUCTS_DIR; };
		D61494BCAED21374AA709248 /* Pods-stocks.release.xcconfig */ = {isa = PBXFileReference; includeInIndex = 1; lastKnownFileType = text.xcconfig; name = "Pods-stocks.release.xcconfig"; path = "Target Support Files/Pods-stocks/Pods-stocks.release.xcconfig"; sourceTree = "<group>"; };
		ECDB774E282C934500D6CCFF /* stocks.app */ = {isa = PBXFileReference; explicitFileType = wrapper.application; includeInIndex = 0; path = stocks.app; sourceTree = BUILT_PRODUCTS_DIR; };
		ECDB7751282C934500D6CCFF /* AppDelegate.swift */ = {isa = PBXFileReference; lastKnownFileType = sourcecode.swift; path = AppDelegate.swift; sourceTree = "<group>"; };
		ECDB7753282C934500D6CCFF /* SceneDelegate.swift */ = {isa = PBXFileReference; lastKnownFileType = sourcecode.swift; path = SceneDelegate.swift; sourceTree = "<group>"; };
		ECDB7758282C934500D6CCFF /* Base */ = {isa = PBXFileReference; lastKnownFileType = file.storyboard; name = Base; path = Base.lproj/Main.storyboard; sourceTree = "<group>"; };
		ECDB775A282C934700D6CCFF /* Assets.xcassets */ = {isa = PBXFileReference; lastKnownFileType = folder.assetcatalog; path = Assets.xcassets; sourceTree = "<group>"; };
		ECDB775D282C934700D6CCFF /* Base */ = {isa = PBXFileReference; lastKnownFileType = file.storyboard; name = Base; path = Base.lproj/LaunchScreen.storyboard; sourceTree = "<group>"; };
		ECDB775F282C934700D6CCFF /* Info.plist */ = {isa = PBXFileReference; lastKnownFileType = text.plist.xml; path = Info.plist; sourceTree = "<group>"; };
		ECDB7767282C96DC00D6CCFF /* Stock.swift */ = {isa = PBXFileReference; lastKnownFileType = sourcecode.swift; path = Stock.swift; sourceTree = "<group>"; };
		ECDB7769282C971500D6CCFF /* ListsViewController.swift */ = {isa = PBXFileReference; lastKnownFileType = sourcecode.swift; path = ListsViewController.swift; sourceTree = "<group>"; };
		ECDB776B282C972100D6CCFF /* GraphViewController.swift */ = {isa = PBXFileReference; lastKnownFileType = sourcecode.swift; path = GraphViewController.swift; sourceTree = "<group>"; };
		ECDB7773282CA14500D6CCFF /* ListTableViewCell.swift */ = {isa = PBXFileReference; lastKnownFileType = sourcecode.swift; path = ListTableViewCell.swift; sourceTree = "<group>"; };
/* End PBXFileReference section */

/* Begin PBXFrameworksBuildPhase section */
		ECDB774B282C934500D6CCFF /* Frameworks */ = {
			isa = PBXFrameworksBuildPhase;
			buildActionMask = 2147483647;
			files = (
				F6C732BA89C849986B569294 /* Pods_stocks.framework in Frameworks */,
			);
			runOnlyForDeploymentPostprocessing = 0;
		};
/* End PBXFrameworksBuildPhase section */

/* Begin PBXGroup section */
		00D0C02909CD4E38BAA18300 /* Frameworks */ = {
			isa = PBXGroup;
			children = (
				459C933C0EE3CD56B757F91F /* Pods_stocks.framework */,
			);
			name = Frameworks;
			sourceTree = "<group>";
		};
		8746E8DC0E90CE9944AC50C5 /* Pods */ = {
			isa = PBXGroup;
			children = (
				28444989EAB7DC114B03C7CE /* Pods-stocks.debug.xcconfig */,
				D61494BCAED21374AA709248 /* Pods-stocks.release.xcconfig */,
			);
			path = Pods;
			sourceTree = "<group>";
		};
		ECDB7745282C934500D6CCFF = {
			isa = PBXGroup;
			children = (
				ECDB7750282C934500D6CCFF /* stocks */,
				ECDB774F282C934500D6CCFF /* Products */,
				8746E8DC0E90CE9944AC50C5 /* Pods */,
				00D0C02909CD4E38BAA18300 /* Frameworks */,
			);
			sourceTree = "<group>";
		};
		ECDB774F282C934500D6CCFF /* Products */ = {
			isa = PBXGroup;
			children = (
				ECDB774E282C934500D6CCFF /* stocks.app */,
			);
			name = Products;
			sourceTree = "<group>";
		};
		ECDB7750282C934500D6CCFF /* stocks */ = {
			isa = PBXGroup;
			children = (
				ECDB7772282C981B00D6CCFF /* Extension */,
				ECDB7766282C96D400D6CCFF /* Model */,
				ECDB7765282C96D000D6CCFF /* View */,
				ECDB7751282C934500D6CCFF /* AppDelegate.swift */,
				ECDB7753282C934500D6CCFF /* SceneDelegate.swift */,
				ECDB775F282C934700D6CCFF /* Info.plist */,
			);
			path = stocks;
			sourceTree = "<group>";
		};
		ECDB7765282C96D000D6CCFF /* View */ = {
			isa = PBXGroup;
			children = (
				ECDB7757282C934500D6CCFF /* Main.storyboard */,
				ECDB7771282C974000D6CCFF /* StockList */,
				ECDB7770282C973C00D6CCFF /* Graph */,
			);
			path = View;
			sourceTree = "<group>";
		};
		ECDB7766282C96D400D6CCFF /* Model */ = {
			isa = PBXGroup;
			children = (
				ECDB7767282C96DC00D6CCFF /* Stock.swift */,
			);
			path = Model;
			sourceTree = "<group>";
		};
		ECDB7770282C973C00D6CCFF /* Graph */ = {
			isa = PBXGroup;
			children = (
				ECDB776B282C972100D6CCFF /* GraphViewController.swift */,
			);
			path = Graph;
			sourceTree = "<group>";
		};
		ECDB7771282C974000D6CCFF /* StockList */ = {
			isa = PBXGroup;
			children = (
				ECDB7769282C971500D6CCFF /* ListsViewController.swift */,
				ECDB7773282CA14500D6CCFF /* ListTableViewCell.swift */,
			);
			path = StockList;
			sourceTree = "<group>";
		};
		ECDB7772282C981B00D6CCFF /* Extension */ = {
			isa = PBXGroup;
			children = (
				ECDB775C282C934700D6CCFF /* LaunchScreen.storyboard */,
				ECDB775A282C934700D6CCFF /* Assets.xcassets */,
			);
			path = Extension;
			sourceTree = "<group>";
		};
/* End PBXGroup section */

/* Begin PBXNativeTarget section */
		ECDB774D282C934500D6CCFF /* stocks */ = {
			isa = PBXNativeTarget;
			buildConfigurationList = ECDB7762282C934700D6CCFF /* Build configuration list for PBXNativeTarget "stocks" */;
			buildPhases = (
				AE491E5A156367984F7DCF0D /* [CP] Check Pods Manifest.lock */,
				ECDB774A282C934500D6CCFF /* Sources */,
				ECDB774B282C934500D6CCFF /* Frameworks */,
				ECDB774C282C934500D6CCFF /* Resources */,
				E8AB00AC9903255E6AAD75DE /* [CP] Embed Pods Frameworks */,
			);
			buildRules = (
			);
			dependencies = (
			);
			name = stocks;
			productName = stocks;
			productReference = ECDB774E282C934500D6CCFF /* stocks.app */;
			productType = "com.apple.product-type.application";
		};
/* End PBXNativeTarget section */

/* Begin PBXProject section */
		ECDB7746282C934500D6CCFF /* Project object */ = {
			isa = PBXProject;
			attributes = {
				BuildIndependentTargetsInParallel = 1;
				LastSwiftUpdateCheck = 1330;
				LastUpgradeCheck = 1330;
				TargetAttributes = {
					ECDB774D282C934500D6CCFF = {
						CreatedOnToolsVersion = 13.3;
					};
				};
			};
			buildConfigurationList = ECDB7749282C934500D6CCFF /* Build configuration list for PBXProject "stocks" */;
			compatibilityVersion = "Xcode 12.0";
			developmentRegion = en;
			hasScannedForEncodings = 0;
			knownRegions = (
				en,
				Base,
			);
			mainGroup = ECDB7745282C934500D6CCFF;
			productRefGroup = ECDB774F282C934500D6CCFF /* Products */;
			projectDirPath = "";
			projectRoot = "";
			targets = (
				ECDB774D282C934500D6CCFF /* stocks */,
			);
		};
/* End PBXProject section */

/* Begin PBXResourcesBuildPhase section */
		ECDB774C282C934500D6CCFF /* Resources */ = {
			isa = PBXResourcesBuildPhase;
			buildActionMask = 2147483647;
			files = (
				ECDB775E282C934700D6CCFF /* LaunchScreen.storyboard in Resources */,
				ECDB775B282C934700D6CCFF /* Assets.xcassets in Resources */,
				ECDB7759282C934500D6CCFF /* Main.storyboard in Resources */,
			);
			runOnlyForDeploymentPostprocessing = 0;
		};
/* End PBXResourcesBuildPhase section */

/* Begin PBXShellScriptBuildPhase section */
		AE491E5A156367984F7DCF0D /* [CP] Check Pods Manifest.lock */ = {
			isa = PBXShellScriptBuildPhase;
			buildActionMask = 2147483647;
			files = (
			);
			inputFileListPaths = (
			);
			inputPaths = (
				"${PODS_PODFILE_DIR_PATH}/Podfile.lock",
				"${PODS_ROOT}/Manifest.lock",
			);
			name = "[CP] Check Pods Manifest.lock";
			outputFileListPaths = (
			);
			outputPaths = (
				"$(DERIVED_FILE_DIR)/Pods-stocks-checkManifestLockResult.txt",
			);
			runOnlyForDeploymentPostprocessing = 0;
			shellPath = /bin/sh;
			shellScript = "diff \"${PODS_PODFILE_DIR_PATH}/Podfile.lock\" \"${PODS_ROOT}/Manifest.lock\" > /dev/null\nif [ $? != 0 ] ; then\n    # print error to STDERR\n    echo \"error: The sandbox is not in sync with the Podfile.lock. Run 'pod install' or update your CocoaPods installation.\" >&2\n    exit 1\nfi\n# This output is used by Xcode 'outputs' to avoid re-running this script phase.\necho \"SUCCESS\" > \"${SCRIPT_OUTPUT_FILE_0}\"\n";
			showEnvVarsInLog = 0;
		};
		E8AB00AC9903255E6AAD75DE /* [CP] Embed Pods Frameworks */ = {
			isa = PBXShellScriptBuildPhase;
			buildActionMask = 2147483647;
			files = (
			);
			inputFileListPaths = (
				"${PODS_ROOT}/Target Support Files/Pods-stocks/Pods-stocks-frameworks-${CONFIGURATION}-input-files.xcfilelist",
			);
			name = "[CP] Embed Pods Frameworks";
			outputFileListPaths = (
				"${PODS_ROOT}/Target Support Files/Pods-stocks/Pods-stocks-frameworks-${CONFIGURATION}-output-files.xcfilelist",
			);
			runOnlyForDeploymentPostprocessing = 0;
			shellPath = /bin/sh;
			shellScript = "\"${PODS_ROOT}/Target Support Files/Pods-stocks/Pods-stocks-frameworks.sh\"\n";
			showEnvVarsInLog = 0;
		};
/* End PBXShellScriptBuildPhase section */

/* Begin PBXSourcesBuildPhase section */
		ECDB774A282C934500D6CCFF /* Sources */ = {
			isa = PBXSourcesBuildPhase;
			buildActionMask = 2147483647;
			files = (
				ECDB7752282C934500D6CCFF /* AppDelegate.swift in Sources */,
				ECDB776C282C972100D6CCFF /* GraphViewController.swift in Sources */,
				ECDB7768282C96DC00D6CCFF /* Stock.swift in Sources */,
				ECDB776A282C971500D6CCFF /* ListsViewController.swift in Sources */,
				ECDB7754282C934500D6CCFF /* SceneDelegate.swift in Sources */,
				ECDB7774282CA14500D6CCFF /* ListTableViewCell.swift in Sources */,
			);
			runOnlyForDeploymentPostprocessing = 0;
		};
/* End PBXSourcesBuildPhase section */

/* Begin PBXVariantGroup section */
		ECDB7757282C934500D6CCFF /* Main.storyboard */ = {
			isa = PBXVariantGroup;
			children = (
				ECDB7758282C934500D6CCFF /* Base */,
			);
			name = Main.storyboard;
			sourceTree = "<group>";
		};
		ECDB775C282C934700D6CCFF /* LaunchScreen.storyboard */ = {
			isa = PBXVariantGroup;
			children = (
				ECDB775D282C934700D6CCFF /* Base */,
			);
			name = LaunchScreen.storyboard;
			sourceTree = "<group>";
		};
/* End PBXVariantGroup section */

/* Begin XCBuildConfiguration section */
		ECDB7760282C934700D6CCFF /* Debug */ = {
			isa = XCBuildConfiguration;
			buildSettings = {
				ALWAYS_SEARCH_USER_PATHS = NO;
				CLANG_ANALYZER_NONNULL = YES;
				CLANG_ANALYZER_NUMBER_OBJECT_CONVERSION = YES_AGGRESSIVE;
				CLANG_CXX_LANGUAGE_STANDARD = "gnu++17";
				CLANG_ENABLE_MODULES = YES;
				CLANG_ENABLE_OBJC_ARC = YES;
				CLANG_ENABLE_OBJC_WEAK = YES;
				CLANG_WARN_BLOCK_CAPTURE_AUTORELEASING = YES;
				CLANG_WARN_BOOL_CONVERSION = YES;
				CLANG_WARN_COMMA = YES;
				CLANG_WARN_CONSTANT_CONVERSION = YES;
				CLANG_WARN_DEPRECATED_OBJC_IMPLEMENTATIONS = YES;
				CLANG_WARN_DIRECT_OBJC_ISA_USAGE = YES_ERROR;
				CLANG_WARN_DOCUMENTATION_COMMENTS = YES;
				CLANG_WARN_EMPTY_BODY = YES;
				CLANG_WARN_ENUM_CONVERSION = YES;
				CLANG_WARN_INFINITE_RECURSION = YES;
				CLANG_WARN_INT_CONVERSION = YES;
				CLANG_WARN_NON_LITERAL_NULL_CONVERSION = YES;
				CLANG_WARN_OBJC_IMPLICIT_RETAIN_SELF = YES;
				CLANG_WARN_OBJC_LITERAL_CONVERSION = YES;
				CLANG_WARN_OBJC_ROOT_CLASS = YES_ERROR;
				CLANG_WARN_QUOTED_INCLUDE_IN_FRAMEWORK_HEADER = YES;
				CLANG_WARN_RANGE_LOOP_ANALYSIS = YES;
				CLANG_WARN_STRICT_PROTOTYPES = YES;
				CLANG_WARN_SUSPICIOUS_MOVE = YES;
				CLANG_WARN_UNGUARDED_AVAILABILITY = YES_AGGRESSIVE;
				CLANG_WARN_UNREACHABLE_CODE = YES;
				CLANG_WARN__DUPLICATE_METHOD_MATCH = YES;
				COPY_PHASE_STRIP = NO;
				DEBUG_INFORMATION_FORMAT = dwarf;
				ENABLE_STRICT_OBJC_MSGSEND = YES;
				ENABLE_TESTABILITY = YES;
				GCC_C_LANGUAGE_STANDARD = gnu11;
				GCC_DYNAMIC_NO_PIC = NO;
				GCC_NO_COMMON_BLOCKS = YES;
				GCC_OPTIMIZATION_LEVEL = 0;
				GCC_PREPROCESSOR_DEFINITIONS = (
					"DEBUG=1",
					"$(inherited)",
				);
				GCC_WARN_64_TO_32_BIT_CONVERSION = YES;
				GCC_WARN_ABOUT_RETURN_TYPE = YES_ERROR;
				GCC_WARN_UNDECLARED_SELECTOR = YES;
				GCC_WARN_UNINITIALIZED_AUTOS = YES_AGGRESSIVE;
				GCC_WARN_UNUSED_FUNCTION = YES;
				GCC_WARN_UNUSED_VARIABLE = YES;
				IPHONEOS_DEPLOYMENT_TARGET = 15.4;
				MTL_ENABLE_DEBUG_INFO = INCLUDE_SOURCE;
				MTL_FAST_MATH = YES;
				ONLY_ACTIVE_ARCH = YES;
				SDKROOT = iphoneos;
				SWIFT_ACTIVE_COMPILATION_CONDITIONS = DEBUG;
				SWIFT_OPTIMIZATION_LEVEL = "-Onone";
			};
			name = Debug;
		};
		ECDB7761282C934700D6CCFF /* Release */ = {
			isa = XCBuildConfiguration;
			buildSettings = {
				ALWAYS_SEARCH_USER_PATHS = NO;
				CLANG_ANALYZER_NONNULL = YES;
				CLANG_ANALYZER_NUMBER_OBJECT_CONVERSION = YES_AGGRESSIVE;
				CLANG_CXX_LANGUAGE_STANDARD = "gnu++17";
				CLANG_ENABLE_MODULES = YES;
				CLANG_ENABLE_OBJC_ARC = YES;
				CLANG_ENABLE_OBJC_WEAK = YES;
				CLANG_WARN_BLOCK_CAPTURE_AUTORELEASING = YES;
				CLANG_WARN_BOOL_CONVERSION = YES;
				CLANG_WARN_COMMA = YES;
				CLANG_WARN_CONSTANT_CONVERSION = YES;
				CLANG_WARN_DEPRECATED_OBJC_IMPLEMENTATIONS = YES;
				CLANG_WARN_DIRECT_OBJC_ISA_USAGE = YES_ERROR;
				CLANG_WARN_DOCUMENTATION_COMMENTS = YES;
				CLANG_WARN_EMPTY_BODY = YES;
				CLANG_WARN_ENUM_CONVERSION = YES;
				CLANG_WARN_INFINITE_RECURSION = YES;
				CLANG_WARN_INT_CONVERSION = YES;
				CLANG_WARN_NON_LITERAL_NULL_CONVERSION = YES;
				CLANG_WARN_OBJC_IMPLICIT_RETAIN_SELF = YES;
				CLANG_WARN_OBJC_LITERAL_CONVERSION = YES;
				CLANG_WARN_OBJC_ROOT_CLASS = YES_ERROR;
				CLANG_WARN_QUOTED_INCLUDE_IN_FRAMEWORK_HEADER = YES;
				CLANG_WARN_RANGE_LOOP_ANALYSIS = YES;
				CLANG_WARN_STRICT_PROTOTYPES = YES;
				CLANG_WARN_SUSPICIOUS_MOVE = YES;
				CLANG_WARN_UNGUARDED_AVAILABILITY = YES_AGGRESSIVE;
				CLANG_WARN_UNREACHABLE_CODE = YES;
				CLANG_WARN__DUPLICATE_METHOD_MATCH = YES;
				COPY_PHASE_STRIP = NO;
				DEBUG_INFORMATION_FORMAT = "dwarf-with-dsym";
				ENABLE_NS_ASSERTIONS = NO;
				ENABLE_STRICT_OBJC_MSGSEND = YES;
				GCC_C_LANGUAGE_STANDARD = gnu11;
				GCC_NO_COMMON_BLOCKS = YES;
				GCC_WARN_64_TO_32_BIT_CONVERSION = YES;
				GCC_WARN_ABOUT_RETURN_TYPE = YES_ERROR;
				GCC_WARN_UNDECLARED_SELECTOR = YES;
				GCC_WARN_UNINITIALIZED_AUTOS = YES_AGGRESSIVE;
				GCC_WARN_UNUSED_FUNCTION = YES;
				GCC_WARN_UNUSED_VARIABLE = YES;
				IPHONEOS_DEPLOYMENT_TARGET = 15.4;
				MTL_ENABLE_DEBUG_INFO = NO;
				MTL_FAST_MATH = YES;
				SDKROOT = iphoneos;
				SWIFT_COMPILATION_MODE = wholemodule;
				SWIFT_OPTIMIZATION_LEVEL = "-O";
				VALIDATE_PRODUCT = YES;
			};
			name = Release;
		};
		ECDB7763282C934700D6CCFF /* Debug */ = {
			isa = XCBuildConfiguration;
			baseConfigurationReference = 28444989EAB7DC114B03C7CE /* Pods-stocks.debug.xcconfig */;
			buildSettings = {
				ASSETCATALOG_COMPILER_APPICON_NAME = AppIcon;
				ASSETCATALOG_COMPILER_GLOBAL_ACCENT_COLOR_NAME = AccentColor;
				CODE_SIGN_STYLE = Automatic;
				CURRENT_PROJECT_VERSION = 1;
				DEVELOPMENT_TEAM = PM2865VY34;
				GENERATE_INFOPLIST_FILE = YES;
				INFOPLIST_FILE = stocks/Info.plist;
				INFOPLIST_KEY_UIApplicationSupportsIndirectInputEvents = YES;
				INFOPLIST_KEY_UILaunchStoryboardName = LaunchScreen;
				INFOPLIST_KEY_UIMainStoryboardFile = Main;
				INFOPLIST_KEY_UISupportedInterfaceOrientations_iPad = "UIInterfaceOrientationPortrait UIInterfaceOrientationPortraitUpsideDown UIInterfaceOrientationLandscapeLeft UIInterfaceOrientationLandscapeRight";
				INFOPLIST_KEY_UISupportedInterfaceOrientations_iPhone = "UIInterfaceOrientationPortrait UIInterfaceOrientationLandscapeLeft UIInterfaceOrientationLandscapeRight";
				LD_RUNPATH_SEARCH_PATHS = (
					"$(inherited)",
					"@executable_path/Frameworks",
				);
				MARKETING_VERSION = 1.0;
				PRODUCT_BUNDLE_IDENTIFIER = com.graph.stocks;
				PRODUCT_NAME = "$(TARGET_NAME)";
				SWIFT_EMIT_LOC_STRINGS = YES;
				SWIFT_VERSION = 5.0;
				TARGETED_DEVICE_FAMILY = "1,2";
			};
			name = Debug;
		};
		ECDB7764282C934700D6CCFF /* Release */ = {
			isa = XCBuildConfiguration;
			baseConfigurationReference = D61494BCAED21374AA709248 /* Pods-stocks.release.xcconfig */;
			buildSettings = {
				ASSETCATALOG_COMPILER_APPICON_NAME = AppIcon;
				ASSETCATALOG_COMPILER_GLOBAL_ACCENT_COLOR_NAME = AccentColor;
				CODE_SIGN_STYLE = Automatic;
				CURRENT_PROJECT_VERSION = 1;
				DEVELOPMENT_TEAM = PM2865VY34;
				GENERATE_INFOPLIST_FILE = YES;
				INFOPLIST_FILE = stocks/Info.plist;
				INFOPLIST_KEY_UIApplicationSupportsIndirectInputEvents = YES;
				INFOPLIST_KEY_UILaunchStoryboardName = LaunchScreen;
				INFOPLIST_KEY_UIMainStoryboardFile = Main;
				INFOPLIST_KEY_UISupportedInterfaceOrientations_iPad = "UIInterfaceOrientationPortrait UIInterfaceOrientationPortraitUpsideDown UIInterfaceOrientationLandscapeLeft UIInterfaceOrientationLandscapeRight";
				INFOPLIST_KEY_UISupportedInterfaceOrientations_iPhone = "UIInterfaceOrientationPortrait UIInterfaceOrientationLandscapeLeft UIInterfaceOrientationLandscapeRight";
				LD_RUNPATH_SEARCH_PATHS = (
					"$(inherited)",
					"@executable_path/Frameworks",
				);
				MARKETING_VERSION = 1.0;
				PRODUCT_BUNDLE_IDENTIFIER = com.graph.stocks;
				PRODUCT_NAME = "$(TARGET_NAME)";
				SWIFT_EMIT_LOC_STRINGS = YES;
				SWIFT_VERSION = 5.0;
				TARGETED_DEVICE_FAMILY = "1,2";
			};
			name = Release;
		};
/* End XCBuildConfiguration section */

/* Begin XCConfigurationList section */
		ECDB7749282C934500D6CCFF /* Build configuration list for PBXProject "stocks" */ = {
			isa = XCConfigurationList;
			buildConfigurations = (
				ECDB7760282C934700D6CCFF /* Debug */,
				ECDB7761282C934700D6CCFF /* Release */,
			);
			defaultConfigurationIsVisible = 0;
			defaultConfigurationName = Release;
		};
		ECDB7762282C934700D6CCFF /* Build configuration list for PBXNativeTarget "stocks" */ = {
			isa = XCConfigurationList;
			buildConfigurations = (
				ECDB7763282C934700D6CCFF /* Debug */,
				ECDB7764282C934700D6CCFF /* Release */,
			);
			defaultConfigurationIsVisible = 0;
			defaultConfigurationName = Release;
		};
/* End XCConfigurationList section */
	};
	rootObject = ECDB7746282C934500D6CCFF /* Project object */;
}
